PODS:
  - FDWaveformView (4.0.0)
  - TLPhotoPicker (1.9.9)

DEPENDENCIES:
  - FDWaveformView
  - TLPhotoPicker

SPEC REPOS:
  trunk:
    - FDWaveformView
    - TLPhotoPicker

SPEC CHECKSUMS:
  FDWaveformView: b499c71c154992cee41b543ff00916a8882e696b
  TLPhotoPicker: 95cbd6d8f66fca5a4ddd8167db5081e1ed676322

PODFILE CHECKSUM: 16ad86d9e92d49db5f839e470e273481124ce57e

COCOAPODS: 1.8.0.beta.2
