PODS:
  - FDWaveformView (5.0.1)
  - TLPhotoPicker (2.0.11)

DEPENDENCIES:
  - FDWaveformView
  - TLPhotoPicker

SPEC REPOS:
  trunk:
    - FDWaveformView
    - TLPhotoPicker

SPEC CHECKSUMS:
  FDWaveformView: c188be613947273cc83d6f0056505f60e6c4b9ac
  TLPhotoPicker: a5c339732b8326bb16cbb4e00ed01a86f2bfbbb3

PODFILE CHECKSUM: 16ad86d9e92d49db5f839e470e273481124ce57e

COCOAPODS: 1.8.4
